
Microsoft Visual Studio Solution File, Format Version 12.00
# Visual Studio Version 17
VisualStudioVersion = 17.4.33213.308
MinimumVisualStudioVersion = 10.0.40219.1
Project("{9A19103F-16F7-4668-BE54-9A1E7A4F7556}") = "A020", "A020.csproj", "{8A97B7BB-FC31-4459-8651-D5F321451152}"
EndProject
Global
	GlobalSection(SolutionConfigurationPlatforms) = preSolution
		Debug|Any CPU = Debug|Any CPU
		Release|Any CPU = Release|Any CPU
	EndGlobalSection
	GlobalSection(ProjectConfigurationPlatforms) = postSolution
		{8A97B7BB-FC31-4459-8651-D5F321451152}.Debug|Any CPU.ActiveCfg = Debug|Any CPU
		{8A97B7BB-FC31-4459-8651-D5F321451152}.Debug|Any CPU.Build.0 = Debug|Any CPU
		{8A97B7BB-FC31-4459-8651-D5F321451152}.Release|Any CPU.ActiveCfg = Release|Any CPU
		{8A97B7BB-FC31-4459-8651-D5F321451152}.Release|Any CPU.Build.0 = Release|Any CPU
	EndGlobalSection
	GlobalSection(SolutionProperties) = preSolution
		HideSolutionNode = FALSE
	EndGlobalSection
	GlobalSection(ExtensibilityGlobals) = postSolution
		SolutionGuid = {E237B8F8-F3AF-47ED-A31A-339ED42B1597}
	EndGlobalSection
EndGlobal
