
Microsoft Visual Studio Solution File, Format Version 12.00
# Visual Studio Version 17
VisualStudioVersion = 17.4.33213.308
MinimumVisualStudioVersion = 10.0.40219.1
Project("{9A19103F-16F7-4668-BE54-9A1E7A4F7556}") = "a008", "a008.csproj", "{8DDDFDD5-0E67-4A6E-9B1C-1811AC9E2E7A}"
EndProject
Global
	GlobalSection(SolutionConfigurationPlatforms) = preSolution
		Debug|Any CPU = Debug|Any CPU
		Release|Any CPU = Release|Any CPU
	EndGlobalSection
	GlobalSection(ProjectConfigurationPlatforms) = postSolution
		{8DDDFDD5-0E67-4A6E-9B1C-1811AC9E2E7A}.Debug|Any CPU.ActiveCfg = Debug|Any CPU
		{8DDDFDD5-0E67-4A6E-9B1C-1811AC9E2E7A}.Debug|Any CPU.Build.0 = Debug|Any CPU
		{8DDDFDD5-0E67-4A6E-9B1C-1811AC9E2E7A}.Release|Any CPU.ActiveCfg = Release|Any CPU
		{8DDDFDD5-0E67-4A6E-9B1C-1811AC9E2E7A}.Release|Any CPU.Build.0 = Release|Any CPU
	EndGlobalSection
	GlobalSection(SolutionProperties) = preSolution
		HideSolutionNode = FALSE
	EndGlobalSection
	GlobalSection(ExtensibilityGlobals) = postSolution
		SolutionGuid = {AE8F18E0-805E-4268-B814-DE8CE2F99178}
	EndGlobalSection
EndGlobal
