
Microsoft Visual Studio Solution File, Format Version 12.00
# Visual Studio Version 17
VisualStudioVersion = 17.4.33213.308
MinimumVisualStudioVersion = 10.0.40219.1
Project("{9A19103F-16F7-4668-BE54-9A1E7A4F7556}") = "A026", "A026.csproj", "{A8223C25-4666-4E8D-858F-8711EE647E1F}"
EndProject
Global
	GlobalSection(SolutionConfigurationPlatforms) = preSolution
		Debug|Any CPU = Debug|Any CPU
		Release|Any CPU = Release|Any CPU
	EndGlobalSection
	GlobalSection(ProjectConfigurationPlatforms) = postSolution
		{A8223C25-4666-4E8D-858F-8711EE647E1F}.Debug|Any CPU.ActiveCfg = Debug|Any CPU
		{A8223C25-4666-4E8D-858F-8711EE647E1F}.Debug|Any CPU.Build.0 = Debug|Any CPU
		{A8223C25-4666-4E8D-858F-8711EE647E1F}.Release|Any CPU.ActiveCfg = Release|Any CPU
		{A8223C25-4666-4E8D-858F-8711EE647E1F}.Release|Any CPU.Build.0 = Release|Any CPU
	EndGlobalSection
	GlobalSection(SolutionProperties) = preSolution
		HideSolutionNode = FALSE
	EndGlobalSection
	GlobalSection(ExtensibilityGlobals) = postSolution
		SolutionGuid = {F7B9F4C0-3DEF-4B47-978A-6C9BB53DAFA5}
	EndGlobalSection
EndGlobal
