
Microsoft Visual Studio Solution File, Format Version 12.00
# Visual Studio Version 17
VisualStudioVersion = 17.4.33213.308
MinimumVisualStudioVersion = 10.0.40219.1
Project("{9A19103F-16F7-4668-BE54-9A1E7A4F7556}") = "A032", "A032.csproj", "{479E3414-983F-403C-87C2-3BB2F812A365}"
EndProject
Global
	GlobalSection(SolutionConfigurationPlatforms) = preSolution
		Debug|Any CPU = Debug|Any CPU
		Release|Any CPU = Release|Any CPU
	EndGlobalSection
	GlobalSection(ProjectConfigurationPlatforms) = postSolution
		{479E3414-983F-403C-87C2-3BB2F812A365}.Debug|Any CPU.ActiveCfg = Debug|Any CPU
		{479E3414-983F-403C-87C2-3BB2F812A365}.Debug|Any CPU.Build.0 = Debug|Any CPU
		{479E3414-983F-403C-87C2-3BB2F812A365}.Release|Any CPU.ActiveCfg = Release|Any CPU
		{479E3414-983F-403C-87C2-3BB2F812A365}.Release|Any CPU.Build.0 = Release|Any CPU
	EndGlobalSection
	GlobalSection(SolutionProperties) = preSolution
		HideSolutionNode = FALSE
	EndGlobalSection
	GlobalSection(ExtensibilityGlobals) = postSolution
		SolutionGuid = {1E1767A7-79FA-4062-94A3-53A0E3B48490}
	EndGlobalSection
EndGlobal
