
Microsoft Visual Studio Solution File, Format Version 12.00
# Visual Studio Version 17
VisualStudioVersion = 17.4.33213.308
MinimumVisualStudioVersion = 10.0.40219.1
Project("{9A19103F-16F7-4668-BE54-9A1E7A4F7556}") = "A043", "A043.csproj", "{723BF297-20BB-4A25-98C6-13D23E76992B}"
EndProject
Global
	GlobalSection(SolutionConfigurationPlatforms) = preSolution
		Debug|Any CPU = Debug|Any CPU
		Release|Any CPU = Release|Any CPU
	EndGlobalSection
	GlobalSection(ProjectConfigurationPlatforms) = postSolution
		{723BF297-20BB-4A25-98C6-13D23E76992B}.Debug|Any CPU.ActiveCfg = Debug|Any CPU
		{723BF297-20BB-4A25-98C6-13D23E76992B}.Debug|Any CPU.Build.0 = Debug|Any CPU
		{723BF297-20BB-4A25-98C6-13D23E76992B}.Release|Any CPU.ActiveCfg = Release|Any CPU
		{723BF297-20BB-4A25-98C6-13D23E76992B}.Release|Any CPU.Build.0 = Release|Any CPU
	EndGlobalSection
	GlobalSection(SolutionProperties) = preSolution
		HideSolutionNode = FALSE
	EndGlobalSection
	GlobalSection(ExtensibilityGlobals) = postSolution
		SolutionGuid = {F383D59A-2E08-408F-93FD-13082943F3EF}
	EndGlobalSection
EndGlobal
