
Microsoft Visual Studio Solution File, Format Version 12.00
# Visual Studio Version 17
VisualStudioVersion = 17.4.33213.308
MinimumVisualStudioVersion = 10.0.40219.1
Project("{9A19103F-16F7-4668-BE54-9A1E7A4F7556}") = "A007", "A007.csproj", "{062663A5-01A4-423B-9A6A-56D4D97FF974}"
EndProject
Global
	GlobalSection(SolutionConfigurationPlatforms) = preSolution
		Debug|Any CPU = Debug|Any CPU
		Release|Any CPU = Release|Any CPU
	EndGlobalSection
	GlobalSection(ProjectConfigurationPlatforms) = postSolution
		{062663A5-01A4-423B-9A6A-56D4D97FF974}.Debug|Any CPU.ActiveCfg = Debug|Any CPU
		{062663A5-01A4-423B-9A6A-56D4D97FF974}.Debug|Any CPU.Build.0 = Debug|Any CPU
		{062663A5-01A4-423B-9A6A-56D4D97FF974}.Release|Any CPU.ActiveCfg = Release|Any CPU
		{062663A5-01A4-423B-9A6A-56D4D97FF974}.Release|Any CPU.Build.0 = Release|Any CPU
	EndGlobalSection
	GlobalSection(SolutionProperties) = preSolution
		HideSolutionNode = FALSE
	EndGlobalSection
	GlobalSection(ExtensibilityGlobals) = postSolution
		SolutionGuid = {C6CB3AF4-F34B-4647-96A9-85961A84A700}
	EndGlobalSection
EndGlobal
